// !$*UTF8*$!
{
	archiveVersion = 1;
	classes = {
	};
	objectVersion = 55;
	objects = {

/* Begin PBXBuildFile section */
		F961D20328BFC5D400DE6710 /* AppDelegate.swift in Sources */ = {isa = PBXBuildFile; fileRef = F961D20228BFC5D400DE6710 /* AppDelegate.swift */; };
		F961D20528BFC5D400DE6710 /* SceneDelegate.swift in Sources */ = {isa = PBXBuildFile; fileRef = F961D20428BFC5D400DE6710 /* SceneDelegate.swift */; };
		F961D20728BFC5D400DE6710 /* ViewController.swift in Sources */ = {isa = PBXBuildFile; fileRef = F961D20628BFC5D400DE6710 /* ViewController.swift */; };
		F961D20A28BFC5D400DE6710 /* Main.storyboard in Resources */ = {isa = PBXBuildFile; fileRef = F961D20828BFC5D400DE6710 /* Main.storyboard */; };
		F961D20C28BFC5D700DE6710 /* Assets.xcassets in Resources */ = {isa = PBXBuildFile; fileRef = F961D20B28BFC5D700DE6710 /* Assets.xcassets */; };
		F961D20F28BFC5D700DE6710 /* LaunchScreen.storyboard in Resources */ = {isa = PBXBuildFile; fileRef = F961D20D28BFC5D700DE6710 /* LaunchScreen.storyboard */; };
		F961D21928BFC67800DE6710 /* VideoPageView.swift in Sources */ = {isa = PBXBuildFile; fileRef = F961D21728BFC67800DE6710 /* VideoPageView.swift */; };
		F961D21A28BFC67800DE6710 /* VideoPageView.xib in Resources */ = {isa = PBXBuildFile; fileRef = F961D21828BFC67800DE6710 /* VideoPageView.xib */; };
		F961D21C28C07BE600DE6710 /* VideoVC.swift in Sources */ = {isa = PBXBuildFile; fileRef = F961D21B28C07BE600DE6710 /* VideoVC.swift */; };
/* End PBXBuildFile section */

/* Begin PBXFileReference section */
		F961D1FF28BFC5D400DE6710 /* VDO Player.app */ = {isa = PBXFileReference; explicitFileType = wrapper.application; includeInIndex = 0; path = "VDO Player.app"; sourceTree = BUILT_PRODUCTS_DIR; };
		F961D20228BFC5D400DE6710 /* AppDelegate.swift */ = {isa = PBXFileReference; lastKnownFileType = sourcecode.swift; path = AppDelegate.swift; sourceTree = "<group>"; };
		F961D20428BFC5D400DE6710 /* SceneDelegate.swift */ = {isa = PBXFileReference; lastKnownFileType = sourcecode.swift; path = SceneDelegate.swift; sourceTree = "<group>"; };
		F961D20628BFC5D400DE6710 /* ViewController.swift */ = {isa = PBXFileReference; lastKnownFileType = sourcecode.swift; path = ViewController.swift; sourceTree = "<group>"; };
		F961D20928BFC5D400DE6710 /* Base */ = {isa = PBXFileReference; lastKnownFileType = file.storyboard; name = Base; path = Base.lproj/Main.storyboard; sourceTree = "<group>"; };
		F961D20B28BFC5D700DE6710 /* Assets.xcassets */ = {isa = PBXFileReference; lastKnownFileType = folder.assetcatalog; path = Assets.xcassets; sourceTree = "<group>"; };
		F961D20E28BFC5D700DE6710 /* Base */ = {isa = PBXFileReference; lastKnownFileType = file.storyboard; name = Base; path = Base.lproj/LaunchScreen.storyboard; sourceTree = "<group>"; };
		F961D21028BFC5D700DE6710 /* Info.plist */ = {isa = PBXFileReference; lastKnownFileType = text.plist.xml; path = Info.plist; sourceTree = "<group>"; };
		F961D21728BFC67800DE6710 /* VideoPageView.swift */ = {isa = PBXFileReference; lastKnownFileType = sourcecode.swift; path = VideoPageView.swift; sourceTree = "<group>"; };
		F961D21828BFC67800DE6710 /* VideoPageView.xib */ = {isa = PBXFileReference; lastKnownFileType = file.xib; path = VideoPageView.xib; sourceTree = "<group>"; };
		F961D21B28C07BE600DE6710 /* VideoVC.swift */ = {isa = PBXFileReference; lastKnownFileType = sourcecode.swift; path = VideoVC.swift; sourceTree = "<group>"; };
/* End PBXFileReference section */

/* Begin PBXFrameworksBuildPhase section */
		F961D1FC28BFC5D400DE6710 /* Frameworks */ = {
			isa = PBXFrameworksBuildPhase;
			buildActionMask = 2147483647;
			files = (
			);
			runOnlyForDeploymentPostprocessing = 0;
		};
/* End PBXFrameworksBuildPhase section */

/* Begin PBXGroup section */
		F961D1F628BFC5D400DE6710 = {
			isa = PBXGroup;
			children = (
				F961D20128BFC5D400DE6710 /* VDO Player */,
				F961D20028BFC5D400DE6710 /* Products */,
			);
			sourceTree = "<group>";
		};
		F961D20028BFC5D400DE6710 /* Products */ = {
			isa = PBXGroup;
			children = (
				F961D1FF28BFC5D400DE6710 /* VDO Player.app */,
			);
			name = Products;
			sourceTree = "<group>";
		};
		F961D20128BFC5D400DE6710 /* VDO Player */ = {
			isa = PBXGroup;
			children = (
				F961D21628BFC60200DE6710 /* VDO */,
				F961D20228BFC5D400DE6710 /* AppDelegate.swift */,
				F961D20428BFC5D400DE6710 /* SceneDelegate.swift */,
				F961D20628BFC5D400DE6710 /* ViewController.swift */,
				F961D20828BFC5D400DE6710 /* Main.storyboard */,
				F961D20B28BFC5D700DE6710 /* Assets.xcassets */,
				F961D20D28BFC5D700DE6710 /* LaunchScreen.storyboard */,
				F961D21028BFC5D700DE6710 /* Info.plist */,
			);
			path = "VDO Player";
			sourceTree = "<group>";
		};
		F961D21628BFC60200DE6710 /* VDO */ = {
			isa = PBXGroup;
			children = (
				F961D21728BFC67800DE6710 /* VideoPageView.swift */,
				F961D21828BFC67800DE6710 /* VideoPageView.xib */,
				F961D21B28C07BE600DE6710 /* VideoVC.swift */,
			);
			path = VDO;
			sourceTree = "<group>";
		};
/* End PBXGroup section */

/* Begin PBXNativeTarget section */
		F961D1FE28BFC5D400DE6710 /* VDO Player */ = {
			isa = PBXNativeTarget;
			buildConfigurationList = F961D21328BFC5D700DE6710 /* Build configuration list for PBXNativeTarget "VDO Player" */;
			buildPhases = (
				F961D1FB28BFC5D400DE6710 /* Sources */,
				F961D1FC28BFC5D400DE6710 /* Frameworks */,
				F961D1FD28BFC5D400DE6710 /* Resources */,
			);
			buildRules = (
			);
			dependencies = (
			);
			name = "VDO Player";
			productName = "VDO Player";
			productReference = F961D1FF28BFC5D400DE6710 /* VDO Player.app */;
			productType = "com.apple.product-type.application";
		};
/* End PBXNativeTarget section */

/* Begin PBXProject section */
		F961D1F728BFC5D400DE6710 /* Project object */ = {
			isa = PBXProject;
			attributes = {
				BuildIndependentTargetsInParallel = 1;
				LastSwiftUpdateCheck = 1330;
				LastUpgradeCheck = 1330;
				TargetAttributes = {
					F961D1FE28BFC5D400DE6710 = {
						CreatedOnToolsVersion = 13.3.1;
					};
				};
			};
			buildConfigurationList = F961D1FA28BFC5D400DE6710 /* Build configuration list for PBXProject "VDO Player" */;
			compatibilityVersion = "Xcode 13.0";
			developmentRegion = en;
			hasScannedForEncodings = 0;
			knownRegions = (
				en,
				Base,
			);
			mainGroup = F961D1F628BFC5D400DE6710;
			productRefGroup = F961D20028BFC5D400DE6710 /* Products */;
			projectDirPath = "";
			projectRoot = "";
			targets = (
				F961D1FE28BFC5D400DE6710 /* VDO Player */,
			);
		};
/* End PBXProject section */

/* Begin PBXResourcesBuildPhase section */
		F961D1FD28BFC5D400DE6710 /* Resources */ = {
			isa = PBXResourcesBuildPhase;
			buildActionMask = 2147483647;
			files = (
				F961D20F28BFC5D700DE6710 /* LaunchScreen.storyboard in Resources */,
				F961D21A28BFC67800DE6710 /* VideoPageView.xib in Resources */,
				F961D20C28BFC5D700DE6710 /* Assets.xcassets in Resources */,
				F961D20A28BFC5D400DE6710 /* Main.storyboard in Resources */,
			);
			runOnlyForDeploymentPostprocessing = 0;
		};
/* End PBXResourcesBuildPhase section */

/* Begin PBXSourcesBuildPhase section */
		F961D1FB28BFC5D400DE6710 /* Sources */ = {
			isa = PBXSourcesBuildPhase;
			buildActionMask = 2147483647;
			files = (
				F961D21C28C07BE600DE6710 /* VideoVC.swift in Sources */,
				F961D20728BFC5D400DE6710 /* ViewController.swift in Sources */,
				F961D21928BFC67800DE6710 /* VideoPageView.swift in Sources */,
				F961D20328BFC5D400DE6710 /* AppDelegate.swift in Sources */,
				F961D20528BFC5D400DE6710 /* SceneDelegate.swift in Sources */,
			);
			runOnlyForDeploymentPostprocessing = 0;
		};
/* End PBXSourcesBuildPhase section */

/* Begin PBXVariantGroup section */
		F961D20828BFC5D400DE6710 /* Main.storyboard */ = {
			isa = PBXVariantGroup;
			children = (
				F961D20928BFC5D400DE6710 /* Base */,
			);
			name = Main.storyboard;
			sourceTree = "<group>";
		};
		F961D20D28BFC5D700DE6710 /* LaunchScreen.storyboard */ = {
			isa = PBXVariantGroup;
			children = (
				F961D20E28BFC5D700DE6710 /* Base */,
			);
			name = LaunchScreen.storyboard;
			sourceTree = "<group>";
		};
/* End PBXVariantGroup section */

/* Begin XCBuildConfiguration section */
		F961D21128BFC5D700DE6710 /* Debug */ = {
			isa = XCBuildConfiguration;
			buildSettings = {
				ALWAYS_SEARCH_USER_PATHS = NO;
				CLANG_ANALYZER_NONNULL = YES;
				CLANG_ANALYZER_NUMBER_OBJECT_CONVERSION = YES_AGGRESSIVE;
				CLANG_CXX_LANGUAGE_STANDARD = "gnu++17";
				CLANG_ENABLE_MODULES = YES;
				CLANG_ENABLE_OBJC_ARC = YES;
				CLANG_ENABLE_OBJC_WEAK = YES;
				CLANG_WARN_BLOCK_CAPTURE_AUTORELEASING = YES;
				CLANG_WARN_BOOL_CONVERSION = YES;
				CLANG_WARN_COMMA = YES;
				CLANG_WARN_CONSTANT_CONVERSION = YES;
				CLANG_WARN_DEPRECATED_OBJC_IMPLEMENTATIONS = YES;
				CLANG_WARN_DIRECT_OBJC_ISA_USAGE = YES_ERROR;
				CLANG_WARN_DOCUMENTATION_COMMENTS = YES;
				CLANG_WARN_EMPTY_BODY = YES;
				CLANG_WARN_ENUM_CONVERSION = YES;
				CLANG_WARN_INFINITE_RECURSION = YES;
				CLANG_WARN_INT_CONVERSION = YES;
				CLANG_WARN_NON_LITERAL_NULL_CONVERSION = YES;
				CLANG_WARN_OBJC_IMPLICIT_RETAIN_SELF = YES;
				CLANG_WARN_OBJC_LITERAL_CONVERSION = YES;
				CLANG_WARN_OBJC_ROOT_CLASS = YES_ERROR;
				CLANG_WARN_QUOTED_INCLUDE_IN_FRAMEWORK_HEADER = YES;
				CLANG_WARN_RANGE_LOOP_ANALYSIS = YES;
				CLANG_WARN_STRICT_PROTOTYPES = YES;
				CLANG_WARN_SUSPICIOUS_MOVE = YES;
				CLANG_WARN_UNGUARDED_AVAILABILITY = YES_AGGRESSIVE;
				CLANG_WARN_UNREACHABLE_CODE = YES;
				CLANG_WARN__DUPLICATE_METHOD_MATCH = YES;
				COPY_PHASE_STRIP = NO;
				DEBUG_INFORMATION_FORMAT = dwarf;
				ENABLE_STRICT_OBJC_MSGSEND = YES;
				ENABLE_TESTABILITY = YES;
				GCC_C_LANGUAGE_STANDARD = gnu11;
				GCC_DYNAMIC_NO_PIC = NO;
				GCC_NO_COMMON_BLOCKS = YES;
				GCC_OPTIMIZATION_LEVEL = 0;
				GCC_PREPROCESSOR_DEFINITIONS = (
					"DEBUG=1",
					"$(inherited)",
				);
				GCC_WARN_64_TO_32_BIT_CONVERSION = YES;
				GCC_WARN_ABOUT_RETURN_TYPE = YES_ERROR;
				GCC_WARN_UNDECLARED_SELECTOR = YES;
				GCC_WARN_UNINITIALIZED_AUTOS = YES_AGGRESSIVE;
				GCC_WARN_UNUSED_FUNCTION = YES;
				GCC_WARN_UNUSED_VARIABLE = YES;
				IPHONEOS_DEPLOYMENT_TARGET = 15.4;
				MTL_ENABLE_DEBUG_INFO = INCLUDE_SOURCE;
				MTL_FAST_MATH = YES;
				ONLY_ACTIVE_ARCH = YES;
				SDKROOT = iphoneos;
				SWIFT_ACTIVE_COMPILATION_CONDITIONS = DEBUG;
				SWIFT_OPTIMIZATION_LEVEL = "-Onone";
			};
			name = Debug;
		};
		F961D21228BFC5D700DE6710 /* Release */ = {
			isa = XCBuildConfiguration;
			buildSettings = {
				ALWAYS_SEARCH_USER_PATHS = NO;
				CLANG_ANALYZER_NONNULL = YES;
				CLANG_ANALYZER_NUMBER_OBJECT_CONVERSION = YES_AGGRESSIVE;
				CLANG_CXX_LANGUAGE_STANDARD = "gnu++17";
				CLANG_ENABLE_MODULES = YES;
				CLANG_ENABLE_OBJC_ARC = YES;
				CLANG_ENABLE_OBJC_WEAK = YES;
				CLANG_WARN_BLOCK_CAPTURE_AUTORELEASING = YES;
				CLANG_WARN_BOOL_CONVERSION = YES;
				CLANG_WARN_COMMA = YES;
				CLANG_WARN_CONSTANT_CONVERSION = YES;
				CLANG_WARN_DEPRECATED_OBJC_IMPLEMENTATIONS = YES;
				CLANG_WARN_DIRECT_OBJC_ISA_USAGE = YES_ERROR;
				CLANG_WARN_DOCUMENTATION_COMMENTS = YES;
				CLANG_WARN_EMPTY_BODY = YES;
				CLANG_WARN_ENUM_CONVERSION = YES;
				CLANG_WARN_INFINITE_RECURSION = YES;
				CLANG_WARN_INT_CONVERSION = YES;
				CLANG_WARN_NON_LITERAL_NULL_CONVERSION = YES;
				CLANG_WARN_OBJC_IMPLICIT_RETAIN_SELF = YES;
				CLANG_WARN_OBJC_LITERAL_CONVERSION = YES;
				CLANG_WARN_OBJC_ROOT_CLASS = YES_ERROR;
				CLANG_WARN_QUOTED_INCLUDE_IN_FRAMEWORK_HEADER = YES;
				CLANG_WARN_RANGE_LOOP_ANALYSIS = YES;
				CLANG_WARN_STRICT_PROTOTYPES = YES;
				CLANG_WARN_SUSPICIOUS_MOVE = YES;
				CLANG_WARN_UNGUARDED_AVAILABILITY = YES_AGGRESSIVE;
				CLANG_WARN_UNREACHABLE_CODE = YES;
				CLANG_WARN__DUPLICATE_METHOD_MATCH = YES;
				COPY_PHASE_STRIP = NO;
				DEBUG_INFORMATION_FORMAT = "dwarf-with-dsym";
				ENABLE_NS_ASSERTIONS = NO;
				ENABLE_STRICT_OBJC_MSGSEND = YES;
				GCC_C_LANGUAGE_STANDARD = gnu11;
				GCC_NO_COMMON_BLOCKS = YES;
				GCC_WARN_64_TO_32_BIT_CONVERSION = YES;
				GCC_WARN_ABOUT_RETURN_TYPE = YES_ERROR;
				GCC_WARN_UNDECLARED_SELECTOR = YES;
				GCC_WARN_UNINITIALIZED_AUTOS = YES_AGGRESSIVE;
				GCC_WARN_UNUSED_FUNCTION = YES;
				GCC_WARN_UNUSED_VARIABLE = YES;
				IPHONEOS_DEPLOYMENT_TARGET = 15.4;
				MTL_ENABLE_DEBUG_INFO = NO;
				MTL_FAST_MATH = YES;
				SDKROOT = iphoneos;
				SWIFT_COMPILATION_MODE = wholemodule;
				SWIFT_OPTIMIZATION_LEVEL = "-O";
				VALIDATE_PRODUCT = YES;
			};
			name = Release;
		};
		F961D21428BFC5D700DE6710 /* Debug */ = {
			isa = XCBuildConfiguration;
			buildSettings = {
				ASSETCATALOG_COMPILER_APPICON_NAME = AppIcon;
				ASSETCATALOG_COMPILER_GLOBAL_ACCENT_COLOR_NAME = AccentColor;
				CODE_SIGN_STYLE = Automatic;
				CURRENT_PROJECT_VERSION = 1;
				GENERATE_INFOPLIST_FILE = YES;
				INFOPLIST_FILE = "VDO Player/Info.plist";
				INFOPLIST_KEY_UIApplicationSupportsIndirectInputEvents = YES;
				INFOPLIST_KEY_UILaunchStoryboardName = LaunchScreen;
				INFOPLIST_KEY_UIMainStoryboardFile = Main;
				INFOPLIST_KEY_UISupportedInterfaceOrientations = "UIInterfaceOrientationPortrait UIInterfaceOrientationPortraitUpsideDown UIInterfaceOrientationLandscapeLeft UIInterfaceOrientationLandscapeRight";
				INFOPLIST_KEY_UISupportedInterfaceOrientations_iPad = "UIInterfaceOrientationPortrait UIInterfaceOrientationPortraitUpsideDown UIInterfaceOrientationLandscapeLeft UIInterfaceOrientationLandscapeRight";
				INFOPLIST_KEY_UISupportedInterfaceOrientations_iPhone = "UIInterfaceOrientationPortrait UIInterfaceOrientationLandscapeLeft UIInterfaceOrientationLandscapeRight";
				LD_RUNPATH_SEARCH_PATHS = (
					"$(inherited)",
					"@executable_path/Frameworks",
				);
				MARKETING_VERSION = 1.0;
				PRODUCT_BUNDLE_IDENTIFIER = "V.VDO-Player";
				PRODUCT_NAME = "$(TARGET_NAME)";
				SWIFT_EMIT_LOC_STRINGS = YES;
				SWIFT_VERSION = 5.0;
				TARGETED_DEVICE_FAMILY = "1,2";
			};
			name = Debug;
		};
		F961D21528BFC5D700DE6710 /* Release */ = {
			isa = XCBuildConfiguration;
			buildSettings = {
				ASSETCATALOG_COMPILER_APPICON_NAME = AppIcon;
				ASSETCATALOG_COMPILER_GLOBAL_ACCENT_COLOR_NAME = AccentColor;
				CODE_SIGN_STYLE = Automatic;
				CURRENT_PROJECT_VERSION = 1;
				GENERATE_INFOPLIST_FILE = YES;
				INFOPLIST_FILE = "VDO Player/Info.plist";
				INFOPLIST_KEY_UIApplicationSupportsIndirectInputEvents = YES;
				INFOPLIST_KEY_UILaunchStoryboardName = LaunchScreen;
				INFOPLIST_KEY_UIMainStoryboardFile = Main;
				INFOPLIST_KEY_UISupportedInterfaceOrientations = "UIInterfaceOrientationPortrait UIInterfaceOrientationPortraitUpsideDown UIInterfaceOrientationLandscapeLeft UIInterfaceOrientationLandscapeRight";
				INFOPLIST_KEY_UISupportedInterfaceOrientations_iPad = "UIInterfaceOrientationPortrait UIInterfaceOrientationPortraitUpsideDown UIInterfaceOrientationLandscapeLeft UIInterfaceOrientationLandscapeRight";
				INFOPLIST_KEY_UISupportedInterfaceOrientations_iPhone = "UIInterfaceOrientationPortrait UIInterfaceOrientationLandscapeLeft UIInterfaceOrientationLandscapeRight";
				LD_RUNPATH_SEARCH_PATHS = (
					"$(inherited)",
					"@executable_path/Frameworks",
				);
				MARKETING_VERSION = 1.0;
				PRODUCT_BUNDLE_IDENTIFIER = "V.VDO-Player";
				PRODUCT_NAME = "$(TARGET_NAME)";
				SWIFT_EMIT_LOC_STRINGS = YES;
				SWIFT_VERSION = 5.0;
				TARGETED_DEVICE_FAMILY = "1,2";
			};
			name = Release;
		};
/* End XCBuildConfiguration section */

/* Begin XCConfigurationList section */
		F961D1FA28BFC5D400DE6710 /* Build configuration list for PBXProject "VDO Player" */ = {
			isa = XCConfigurationList;
			buildConfigurations = (
				F961D21128BFC5D700DE6710 /* Debug */,
				F961D21228BFC5D700DE6710 /* Release */,
			);
			defaultConfigurationIsVisible = 0;
			defaultConfigurationName = Release;
		};
		F961D21328BFC5D700DE6710 /* Build configuration list for PBXNativeTarget "VDO Player" */ = {
			isa = XCConfigurationList;
			buildConfigurations = (
				F961D21428BFC5D700DE6710 /* Debug */,
				F961D21528BFC5D700DE6710 /* Release */,
			);
			defaultConfigurationIsVisible = 0;
			defaultConfigurationName = Release;
		};
/* End XCConfigurationList section */
	};
	rootObject = F961D1F728BFC5D400DE6710 /* Project object */;
}
